
Microsoft Visual Studio Solution File, Format Version 12.00
# Visual Studio Version 17
VisualStudioVersion = 17.12.35707.178 d17.12
MinimumVisualStudioVersion = 10.0.40219.1
Project("{FAE04EC0-301F-11D3-BF4B-00C04F79EFBC}") = "L02P02_2022-CA-652_2022-SU-650", "L02P02_2022-CA-652_2022-SU-650\L02P02_2022-CA-652_2022-SU-650.csproj", "{BFE78143-4D53-4FB0-96C5-9BCED12579CE}"
EndProject
Global
	GlobalSection(SolutionConfigurationPlatforms) = preSolution
		Debug|Any CPU = Debug|Any CPU
		Release|Any CPU = Release|Any CPU
	EndGlobalSection
	GlobalSection(ProjectConfigurationPlatforms) = postSolution
		{BFE78143-4D53-4FB0-96C5-9BCED12579CE}.Debug|Any CPU.ActiveCfg = Debug|Any CPU
		{BFE78143-4D53-4FB0-96C5-9BCED12579CE}.Debug|Any CPU.Build.0 = Debug|Any CPU
		{BFE78143-4D53-4FB0-96C5-9BCED12579CE}.Release|Any CPU.ActiveCfg = Release|Any CPU
		{BFE78143-4D53-4FB0-96C5-9BCED12579CE}.Release|Any CPU.Build.0 = Release|Any CPU
	EndGlobalSection
	GlobalSection(SolutionProperties) = preSolution
		HideSolutionNode = FALSE
	EndGlobalSection
EndGlobal
